PODS:
  - Colours (5.13.0):
    - Colours/ObjC (= 5.13.0)
  - Colours/ObjC (5.13.0)
  - Masonry (1.1.0)
  - MBProgressHUD (1.2.0)
  - MLFoundationLib (0.1.0)
  - ReactiveObjC (3.1.1)
  - SDWebImage (5.8.0):
    - SDWebImage/Core (= 5.8.0)
  - SDWebImage/Core (5.8.0)
  - YBImageBrowser/Core (3.0.9):
    - SDWebImage (>= 5.0.0)
    - YYImage
  - YBImageBrowser/Video (3.0.9):
    - YBImageBrowser/Core
  - YYImage (1.0.4):
    - YYImage/Core (= 1.0.4)
  - YYImage/Core (1.0.4)

DEPENDENCIES:
  - Colours
  - Masonry (from `https://github.com/SnapKit/Masonry.git`)
  - MBProgressHUD (~> 1.2.0)
  - MLFoundationLib (from `../`)
  - ReactiveObjC
  - YBImageBrowser/Video

SPEC REPOS:
  trunk:
    - Colours
    - MBProgressHUD
    - ReactiveObjC
    - SDWebImage
    - YBImageBrowser
    - YYImage

EXTERNAL SOURCES:
  Masonry:
    :git: https://github.com/SnapKit/Masonry.git
  MLFoundationLib:
    :path: "../"

CHECKOUT OPTIONS:
  Masonry:
    :commit: 8bd77ea92bbe995e14c454f821200b222e5a8804
    :git: https://github.com/SnapKit/Masonry.git

SPEC CHECKSUMS:
  Colours: f24220c38f13deac88612667e9b4a7fb96b871d4
  Masonry: 678fab65091a9290e40e2832a55e7ab731aad201
  MBProgressHUD: 3ee5efcc380f6a79a7cc9b363dd669c5e1ae7406
  MLFoundationLib: ed2be057b4c1e347f63b31ce27b9357a85b3676c
  ReactiveObjC: 011caa393aa0383245f2dcf9bf02e86b80b36040
  SDWebImage: 84000f962cbfa70c07f19d2234cbfcf5d779b5dc
  YBImageBrowser: 7ecc8bf33ffa5f3b94c397c29b4f3638dd37f527
  YYImage: 1e1b62a9997399593e4b9c4ecfbbabbf1d3f3b54

PODFILE CHECKSUM: cc8d21d38df4c35f78eaf6c05f0b04293c18d8e4

COCOAPODS: 1.8.4
